<?xml version="1.0" encoding="utf-8"?>
<Project ToolsVersion="4.0" xmlns="http://schemas.microsoft.com/developer/msbuild/2003">
  <ItemGroup>
    <Filter Include="Source Files">
      <UniqueIdentifier>{4FC737F1-C7A5-4376-A066-2A32D752A2FF}</UniqueIdentifier>
      <Extensions>cpp;c;cc;cxx;def;odl;idl;hpj;bat;asm;asmx</Extensions>
    </Filter>
    <Filter Include="Header Files">
      <UniqueIdentifier>{93995380-89BD-4b04-88EB-625FBE52EBFB}</UniqueIdentifier>
      <Extensions>h;hh;hpp;hxx;hm;inl;inc;xsd</Extensions>
    </Filter>
    <Filter Include="Resource Files">
      <UniqueIdentifier>{67DA6AB6-F800-4c08-8B7A-83BB121AAD01}</UniqueIdentifier>
      <Extensions>rc;ico;cur;bmp;dlg;rc2;rct;bin;rgs;gif;jpg;jpeg;jpe;resx;tiff;tif;png;wav;mfcribbon-ms</Extensions>
    </Filter>
    <Filter Include="StandardLibrary">
      <UniqueIdentifier>{8eca80d2-012c-470a-b6d6-db7bd1816736}</UniqueIdentifier>
    </Filter>
  </ItemGroup>
  <ItemGroup>
    <ClInclude Include="SPIRVAssembler.h">
      <Filter>Header Files</Filter>
    </ClInclude>
    <ClInclude Include="SPIRVConstant.h">
      <Filter>Header Files</Filter>
    </ClInclude>
    <ClInclude Include="SPIRVInstruction.h">
      <Filter>Header Files</Filter>
    </ClInclude>
    <ClInclude Include="SPIRVModule.h">
      <Filter>Header Files</Filter>
    </ClInclude>
    <ClInclude Include="SPIRVOperation.h">
      <Filter>Header Files</Filter>
    </ClInclude>
    <ClInclude Include="SPIRVOperatorImpl.h">
      <Filter>Header Files</Filter>
    </ClInclude>
    <ClInclude Include="SPIRVProgram.h">
      <Filter>Header Files</Filter>
    </ClInclude>
    <ClInclude Include="SPIRVType.h">
      <Filter>Header Files</Filter>
    </ClInclude>
    <ClInclude Include="SPIRVVariable.h">
      <Filter>Header Files</Filter>
    </ClInclude>
    <ClInclude Include="SPIRVDecoration.h">
      <Filter>Header Files</Filter>
    </ClInclude>
    <ClInclude Include="SPIRVVariableTypes.h">
      <Filter>Header Files</Filter>
    </ClInclude>
    <ClInclude Include="SPIRVVectorComponentAccess.h">
      <Filter>Header Files</Filter>
    </ClInclude>
    <ClInclude Include="SPIRVInlineAssembler.h">
      <Filter>Header Files</Filter>
    </ClInclude>
    <ClInclude Include="SPIRVQuaternion.h">
      <Filter>StandardLibrary</Filter>
    </ClInclude>
    <ClInclude Include="SPIRVComplex.h">
      <Filter>StandardLibrary</Filter>
    </ClInclude>
    <ClInclude Include="SPIRVBinaryDefines.h">
      <Filter>Header Files</Filter>
    </ClInclude>
    <ClInclude Include="SPIRVBranchOperations.h">
      <Filter>Header Files</Filter>
    </ClInclude>
    <ClInclude Include="SPIRVExtensionAMD.h">
      <Filter>Header Files</Filter>
    </ClInclude>
    <ClInclude Include="SPIRVVariableTypeDefs.h">
      <Filter>Header Files</Filter>
    </ClInclude>
  </ItemGroup>
  <ItemGroup>
    <ClCompile Include="SPIRVAssembler.cpp">
      <Filter>Source Files</Filter>
    </ClCompile>
    <ClCompile Include="SPIRVConstant.cpp">
      <Filter>Source Files</Filter>
    </ClCompile>
    <ClCompile Include="SPIRVInstruction.cpp">
      <Filter>Source Files</Filter>
    </ClCompile>
    <ClCompile Include="SPIRVModule.cpp">
      <Filter>Source Files</Filter>
    </ClCompile>
    <ClCompile Include="SPIRVOperation.cpp">
      <Filter>Source Files</Filter>
    </ClCompile>
    <ClCompile Include="SPIRVType.cpp">
      <Filter>Source Files</Filter>
    </ClCompile>
    <ClCompile Include="SPIRVVariable.cpp">
      <Filter>Source Files</Filter>
    </ClCompile>
    <ClCompile Include="SPIRVDecoration.cpp">
      <Filter>Source Files</Filter>
    </ClCompile>
  </ItemGroup>
</Project>